
Microsoft Visual Studio Solution File, Format Version 12.00
# Visual Studio Version 17
VisualStudioVersion = 17.4.33122.133
MinimumVisualStudioVersion = 10.0.40219.1
Project("{888888A0-9F3D-457C-B088-3A5042F75D52}") = "proiect_isia", "proiect_isia.pyproj", "{51108214-91C7-4B0C-AD19-9D88153169DD}"
EndProject
Global
	GlobalSection(SolutionConfigurationPlatforms) = preSolution
		Debug|Any CPU = Debug|Any CPU
		Release|Any CPU = Release|Any CPU
	EndGlobalSection
	GlobalSection(ProjectConfigurationPlatforms) = postSolution
		{51108214-91C7-4B0C-AD19-9D88153169DD}.Debug|Any CPU.ActiveCfg = Debug|Any CPU
		{51108214-91C7-4B0C-AD19-9D88153169DD}.Release|Any CPU.ActiveCfg = Release|Any CPU
	EndGlobalSection
	GlobalSection(SolutionProperties) = preSolution
		HideSolutionNode = FALSE
	EndGlobalSection
	GlobalSection(ExtensibilityGlobals) = postSolution
		SolutionGuid = {967C4726-844A-45DA-8876-441949488AF1}
	EndGlobalSection
EndGlobal
